
Microsoft Visual Studio Solution File, Format Version 12.00
# Visual Studio Version 17
VisualStudioVersion = 17.5.002.0
MinimumVisualStudioVersion = 10.0.40219.1
Project("{9A19103F-16F7-4668-BE54-9A1E7A4F7556}") = "api", "api\api.csproj", "{CC069A01-430C-427B-8276-B3B224A7932B}"
EndProject
Global
	GlobalSection(SolutionConfigurationPlatforms) = preSolution
		Debug|Any CPU = Debug|Any CPU
		Release|Any CPU = Release|Any CPU
	EndGlobalSection
	GlobalSection(ProjectConfigurationPlatforms) = postSolution
		{CC069A01-430C-427B-8276-B3B224A7932B}.Debug|Any CPU.ActiveCfg = Debug|Any CPU
		{CC069A01-430C-427B-8276-B3B224A7932B}.Debug|Any CPU.Build.0 = Debug|Any CPU
		{CC069A01-430C-427B-8276-B3B224A7932B}.Release|Any CPU.ActiveCfg = Release|Any CPU
		{CC069A01-430C-427B-8276-B3B224A7932B}.Release|Any CPU.Build.0 = Release|Any CPU
	EndGlobalSection
	GlobalSection(SolutionProperties) = preSolution
		HideSolutionNode = FALSE
	EndGlobalSection
	GlobalSection(ExtensibilityGlobals) = postSolution
		SolutionGuid = {8855EE80-DBA1-4BE6-A726-39D353F145D1}
	EndGlobalSection
EndGlobal
